// !$*UTF8*$!
{
	archiveVersion = 1;
	classes = {
	};
	objectVersion = 46;
	objects = {

/* Begin PBXFileReference section */
		9DDB10BD196C72E40057D2F5 /* NSColor+hex.swift */ = {isa = PBXFileReference; lastKnownFileType = sourcecode.swift; path = "NSColor+hex.swift"; sourceTree = "<group>"; };
		9DDB10BF196C73300057D2F5 /* README.md */ = {isa = PBXFileReference; lastKnownFileType = net.daringfireball.markdown; path = README.md; sourceTree = "<group>"; };
		9DDB10C0196C736E0057D2F5 /* usage.png */ = {isa = PBXFileReference; lastKnownFileType = image.png; path = usage.png; sourceTree = "<group>"; };
/* End PBXFileReference section */

/* Begin PBXGroup section */
		9DDB10B6196C72D40057D2F5 = {
			isa = PBXGroup;
			children = (
				9DDB10BD196C72E40057D2F5 /* NSColor+hex.swift */,
				9DDB10BF196C73300057D2F5 /* README.md */,
				9DDB10C0196C736E0057D2F5 /* usage.png */,
			);
			sourceTree = "<group>";
		};
/* End PBXGroup section */

/* Begin PBXProject section */
		9DDB10B7196C72D40057D2F5 /* Project object */ = {
			isa = PBXProject;
			attributes = {
				LastUpgradeCheck = 0600;
			};
			buildConfigurationList = 9DDB10BA196C72D40057D2F5 /* Build configuration list for PBXProject "NSColor+hex.swift" */;
			compatibilityVersion = "Xcode 3.2";
			developmentRegion = English;
			hasScannedForEncodings = 0;
			knownRegions = (
				en,
			);
			mainGroup = 9DDB10B6196C72D40057D2F5;
			projectDirPath = "";
			projectRoot = "";
			targets = (
			);
		};
/* End PBXProject section */

/* Begin XCBuildConfiguration section */
		9DDB10BB196C72D40057D2F5 /* Debug */ = {
			isa = XCBuildConfiguration;
			buildSettings = {
			};
			name = Debug;
		};
		9DDB10BC196C72D40057D2F5 /* Release */ = {
			isa = XCBuildConfiguration;
			buildSettings = {
			};
			name = Release;
		};
/* End XCBuildConfiguration section */

/* Begin XCConfigurationList section */
		9DDB10BA196C72D40057D2F5 /* Build configuration list for PBXProject "NSColor+hex.swift" */ = {
			isa = XCConfigurationList;
			buildConfigurations = (
				9DDB10BB196C72D40057D2F5 /* Debug */,
				9DDB10BC196C72D40057D2F5 /* Release */,
			);
			defaultConfigurationIsVisible = 0;
			defaultConfigurationName = Release;
		};
/* End XCConfigurationList section */
	};
	rootObject = 9DDB10B7196C72D40057D2F5 /* Project object */;
}
